# THIS IS AN AUTOGENERATED FILE. DO NOT EDIT THIS FILE DIRECTLY.
# yarn lockfile v1


"@bufbuild/protobuf@^1.7.2":
  version "1.9.0"
  resolved "https://registry.yarnpkg.com/@bufbuild/protobuf/-/protobuf-1.9.0.tgz#fffac3183059a41ceef5311e07e3724d426a95c4"
  integrity sha512-W7gp8Q/v1NlCZLsv8pQ3Y0uCu/SHgXOVFK+eUluUKWXmsb6VHkpNx0apdOWWcDbB9sJoKeP8uPrjmehJz6xETQ==

"@fastify/busboy@^2.0.0":
  version "2.1.1"
  resolved "https://registry.yarnpkg.com/@fastify/busboy/-/busboy-2.1.1.tgz#b9da6a878a371829a0502c9b6c1c143ef6663f4d"
  integrity sha512-vBZP4NlzfOlerQTnba4aqZoMhE/a9HY7HRqoOPaETQcSQuWEIyZMHGfVu6w9wGtGK5fED5qRs2DteVCjOH60sA==

"@livekit/protocol@^1.14.0":
  version "1.16.0"
  resolved "https://registry.yarnpkg.com/@livekit/protocol/-/protocol-1.16.0.tgz#157c6e5467672f02b3979d34b83fa6b1c9b28d6d"
  integrity sha512-xZZTZVh2FmWmUgNS3n+oGNbA4GcS4XOwhg8CWy75jenYxbgQ89ds7ixfMQ+F+oxktcXfJ1qsph086oRTlg8e5Q==
  dependencies:
    "@bufbuild/protobuf" "^1.7.2"

camelcase-keys@^9.0.0:
  version "9.1.3"
  resolved "https://registry.yarnpkg.com/camelcase-keys/-/camelcase-keys-9.1.3.tgz#6367b2f9ec5724af541f58f0dcfee9b200022e5c"
  integrity sha512-Rircqi9ch8AnZscQcsA1C47NFdaO3wukpmIRzYcDOrmvgt78hM/sj5pZhZNec2NM12uk5vTwRHZ4anGcrC4ZTg==
  dependencies:
    camelcase "^8.0.0"
    map-obj "5.0.0"
    quick-lru "^6.1.1"
    type-fest "^4.3.2"

camelcase@^8.0.0:
  version "8.0.0"
  resolved "https://registry.yarnpkg.com/camelcase/-/camelcase-8.0.0.tgz#c0d36d418753fb6ad9c5e0437579745c1c14a534"
  integrity sha512-8WB3Jcas3swSvjIeA2yvCJ+Miyz5l1ZmB6HFb9R1317dt9LCQoswg/BGrmAmkWVEszSrrg4RwmO46qIm2OEnSA==

jose@^5.1.2:
  version "5.3.0"
  resolved "https://registry.yarnpkg.com/jose/-/jose-5.3.0.tgz#61dadf6399e0141d621ad18c1b36a0d6ab17a972"
  integrity sha512-IChe9AtAE79ru084ow8jzkN2lNrG3Ntfiv65Cvj9uOCE2m5LNsdHG+9EbxWxAoWRF9TgDOqLN5jm08++owDVRg==

livekit-server-sdk@^2.3.0:
  version "2.3.0"
  resolved "https://registry.yarnpkg.com/livekit-server-sdk/-/livekit-server-sdk-2.3.0.tgz#59802aa4416ab97a4afa33fd3162f50d40b78853"
  integrity sha512-JYOM4YXGctd4fcjr1mINcmDDV5PvCIY5isNVB1Ej1kTrNwQcx7NVWTj79kDAOaMNt+CbMb3XcHEo5Hgub9BmAQ==
  dependencies:
    "@livekit/protocol" "^1.14.0"
    camelcase-keys "^9.0.0"
    jose "^5.1.2"

map-obj@5.0.0:
  version "5.0.0"
  resolved "https://registry.yarnpkg.com/map-obj/-/map-obj-5.0.0.tgz#126c98596b63927d7360f287cccc67177aa1938b"
  integrity sha512-2L3MIgJynYrZ3TYMriLDLWocz15okFakV6J12HXvMXDHui2x/zgChzg1u9mFFGbbGWE+GsLpQByt4POb9Or+uA==

nanoid@^5.0.7:
  version "5.0.7"
  resolved "https://registry.yarnpkg.com/nanoid/-/nanoid-5.0.7.tgz#6452e8c5a816861fd9d2b898399f7e5fd6944cc6"
  integrity sha512-oLxFY2gd2IqnjcYyOXD8XGCftpGtZP2AbHbOkthDkvRywH5ayNtPVy9YlOPcHckXzbLTCHpkb7FB+yuxKV13pQ==

node-appwrite@^12.0.1:
  version "12.0.1"
  resolved "https://registry.yarnpkg.com/node-appwrite/-/node-appwrite-12.0.1.tgz#a9c950df94b79274f5443c667c96344976c5d37f"
  integrity sha512-2YHjh6gKe5oyFG4E4bnIz7zPEU456PYE6vCJerqGEgXD5xS5B4ToFFEvtYM6Vk3Q7XSWMqXo2sQJIXkT+MSD7A==
  dependencies:
    undici "^5.28.2"

prettier@^3.2.5:
  version "3.2.5"
  resolved "https://registry.yarnpkg.com/prettier/-/prettier-3.2.5.tgz#e52bc3090586e824964a8813b09aba6233b28368"
  integrity sha512-3/GWa9aOC0YeD7LUfvOG2NiDyhOWRvt1k+rcKhOuYnMY24iiCphgneUfJDyFXd6rZCAnuLBv6UeAULtrhT/F4A==

quick-lru@^6.1.1:
  version "6.1.2"
  resolved "https://registry.yarnpkg.com/quick-lru/-/quick-lru-6.1.2.tgz#e9a90524108629be35287d0b864e7ad6ceb3659e"
  integrity sha512-AAFUA5O1d83pIHEhJwWCq/RQcRukCkn/NSm2QsTEMle5f2hP0ChI2+3Xb051PZCkLryI/Ir1MVKviT2FIloaTQ==

type-fest@^4.3.2:
  version "4.18.3"
  resolved "https://registry.yarnpkg.com/type-fest/-/type-fest-4.18.3.tgz#5249f96e7c2c3f0f1561625f54050e343f1c8f68"
  integrity sha512-Q08/0IrpvM+NMY9PA2rti9Jb+JejTddwmwmVQGskAlhtcrw1wsRzoR6ode6mR+OAabNa75w/dxedSUY2mlphaQ==

undici@^5.28.2:
  version "5.28.4"
  resolved "https://registry.yarnpkg.com/undici/-/undici-5.28.4.tgz#6b280408edb6a1a604a9b20340f45b422e373068"
  integrity sha512-72RFADWFqKmUb2hmmvNODKL3p9hcB6Gt2DOQMis1SEBaV6a4MH8soBvzg+95CYhCKPFedut2JY9bMfrDl9D23g==
  dependencies:
    "@fastify/busboy" "^2.0.0"
